
Microsoft Visual Studio Solution File, Format Version 12.00
# Visual Studio Version 17
VisualStudioVersion = 17.12.35527.113
MinimumVisualStudioVersion = 10.0.40219.1
Project("{FAE04EC0-301F-11D3-BF4B-00C04F79EFBC}") = "Clean-Restaurants.API", "Clean-Restaurants\Clean-Restaurants.API.csproj", "{285BD948-54F6-4D6A-A25E-AD0BA0238ED6}"
EndProject
Project("{FAE04EC0-301F-11D3-BF4B-00C04F79EFBC}") = "Clean-Restaurants.Domain", "Clean-Restaurants.Domain\Clean-Restaurants.Domain.csproj", "{86565A69-112B-4A05-B257-F77EA3496E5C}"
EndProject
Project("{FAE04EC0-301F-11D3-BF4B-00C04F79EFBC}") = "Clean-Restaurants.Application", "Clean-Restaurants.Application\Clean-Restaurants.Application.csproj", "{28700931-CAA6-4945-BA18-D8B77FF026BE}"
EndProject
Project("{FAE04EC0-301F-11D3-BF4B-00C04F79EFBC}") = "Clean-Restaurants.Inferastructure", "Clean-Restaurants.Inferastructure\Clean-Restaurants.Inferastructure.csproj", "{A6894D23-734B-4439-B774-BB199EEF82CB}"
EndProject
Global
	GlobalSection(SolutionConfigurationPlatforms) = preSolution
		Debug|Any CPU = Debug|Any CPU
		Release|Any CPU = Release|Any CPU
	EndGlobalSection
	GlobalSection(ProjectConfigurationPlatforms) = postSolution
		{285BD948-54F6-4D6A-A25E-AD0BA0238ED6}.Debug|Any CPU.ActiveCfg = Debug|Any CPU
		{285BD948-54F6-4D6A-A25E-AD0BA0238ED6}.Debug|Any CPU.Build.0 = Debug|Any CPU
		{285BD948-54F6-4D6A-A25E-AD0BA0238ED6}.Release|Any CPU.ActiveCfg = Release|Any CPU
		{285BD948-54F6-4D6A-A25E-AD0BA0238ED6}.Release|Any CPU.Build.0 = Release|Any CPU
		{86565A69-112B-4A05-B257-F77EA3496E5C}.Debug|Any CPU.ActiveCfg = Debug|Any CPU
		{86565A69-112B-4A05-B257-F77EA3496E5C}.Debug|Any CPU.Build.0 = Debug|Any CPU
		{86565A69-112B-4A05-B257-F77EA3496E5C}.Release|Any CPU.ActiveCfg = Release|Any CPU
		{86565A69-112B-4A05-B257-F77EA3496E5C}.Release|Any CPU.Build.0 = Release|Any CPU
		{28700931-CAA6-4945-BA18-D8B77FF026BE}.Debug|Any CPU.ActiveCfg = Debug|Any CPU
		{28700931-CAA6-4945-BA18-D8B77FF026BE}.Debug|Any CPU.Build.0 = Debug|Any CPU
		{28700931-CAA6-4945-BA18-D8B77FF026BE}.Release|Any CPU.ActiveCfg = Release|Any CPU
		{28700931-CAA6-4945-BA18-D8B77FF026BE}.Release|Any CPU.Build.0 = Release|Any CPU
		{A6894D23-734B-4439-B774-BB199EEF82CB}.Debug|Any CPU.ActiveCfg = Debug|Any CPU
		{A6894D23-734B-4439-B774-BB199EEF82CB}.Debug|Any CPU.Build.0 = Debug|Any CPU
		{A6894D23-734B-4439-B774-BB199EEF82CB}.Release|Any CPU.ActiveCfg = Release|Any CPU
		{A6894D23-734B-4439-B774-BB199EEF82CB}.Release|Any CPU.Build.0 = Release|Any CPU
	EndGlobalSection
	GlobalSection(SolutionProperties) = preSolution
		HideSolutionNode = FALSE
	EndGlobalSection
EndGlobal
